{
  "version": 4,
  "terraform_version": "1.9.3",
  "serial": 3,
  "lineage": "1ac62e6c-6b84-ebeb-c933-808c5ba764e6",
  "outputs": {},
  "resources": [
    {
      "mode": "managed",
      "type": "helm_release",
      "name": "argocd",
      "provider": "provider[\"registry.terraform.io/hashicorp/helm\"]",
      "instances": [
        {
          "status": "tainted",
          "schema_version": 0,
          "attributes": {
            "atomic": false,
            "chart": "argo-cd",
            "cleanup_on_fail": false,
            "create_namespace": true,
            "dependency_update": false,
            "description": null,
            "devel": null,
            "disable_crd_hooks": false,
            "disable_openapi_validation": false,
            "disable_webhooks": false,
            "force_update": false,
            "id": "argocd",
            "keyring": null,
            "lint": false,
            "manifest": null,
            "max_history": 0,
            "metadata": [
              {
                "app_version": "v2.7.7",
                "chart": "argo-cd",
                "name": "argocd",
                "namespace": "gitops",
                "revision": 1,
                "values": "{\"dex\":{\"enabled\":false},\"global\":{\"image\":{\"tag\":\"v2.7.7\"}},\"server\":{\"extraArgs\":[\"--insecure\"]}}",
                "version": "5.38.0"
              }
            ],
            "name": "argocd",
            "namespace": "gitops",
            "postrender": [],
            "recreate_pods": false,
            "render_subchart_notes": true,
            "replace": false,
            "repository": "https://argoproj.github.io/argo-helm/",
            "repository_ca_file": null,
            "repository_cert_file": null,
            "repository_key_file": null,
            "repository_password": null,
            "repository_username": null,
            "reset_values": false,
            "reuse_values": false,
            "set": [],
            "set_sensitive": [],
            "skip_crds": false,
            "status": "failed",
            "timeout": 300,
            "values": [
              "---\nglobal:\n  image:\n    tag: \"v2.7.7\"\n\ndex:\n  enabled: false\n\nserver:\n  extraArgs:\n    - --insecure"
            ],
            "verify": false,
            "version": "5.38.0",
            "wait": true,
            "wait_for_jobs": false
          },
          "sensitive_attributes": [
            [
              {
                "type": "get_attr",
                "value": "repository_password"
              }
            ]
          ],
          "private": "bnVsbA=="
        }
      ]
    }
  ],
  "check_results": null
}
